
Microsoft Visual Studio Solution File, Format Version 12.00
# Visual Studio Version 16
VisualStudioVersion = 16.0.30406.217
MinimumVisualStudioVersion = 10.0.40219.1
Project("{FAE04EC0-301F-11D3-BF4B-00C04F79EFBC}") = "Ecommerce", "Ecommerce\Ecommerce.csproj", "{4C57D3F6-6BC5-42D6-BA69-010A5ED8FBCF}"
EndProject
Global
	GlobalSection(SolutionConfigurationPlatforms) = preSolution
		Debug|Any CPU = Debug|Any CPU
		Release|Any CPU = Release|Any CPU
	EndGlobalSection
	GlobalSection(ProjectConfigurationPlatforms) = postSolution
		{4C57D3F6-6BC5-42D6-BA69-010A5ED8FBCF}.Debug|Any CPU.ActiveCfg = Debug|Any CPU
		{4C57D3F6-6BC5-42D6-BA69-010A5ED8FBCF}.Debug|Any CPU.Build.0 = Debug|Any CPU
		{4C57D3F6-6BC5-42D6-BA69-010A5ED8FBCF}.Release|Any CPU.ActiveCfg = Release|Any CPU
		{4C57D3F6-6BC5-42D6-BA69-010A5ED8FBCF}.Release|Any CPU.Build.0 = Release|Any CPU
	EndGlobalSection
	GlobalSection(SolutionProperties) = preSolution
		HideSolutionNode = FALSE
	EndGlobalSection
	GlobalSection(ExtensibilityGlobals) = postSolution
		SolutionGuid = {39DCBA79-5EEE-494E-8C14-01EE4876AAEE}
	EndGlobalSection
EndGlobal
